
Microsoft Visual Studio Solution File, Format Version 11.00
# Visual Studio 2010
# SharpDevelop 4.4
Project("{FAE04EC0-301F-11D3-BF4B-00C04F79EFBC}") = "sharpluatest_sharplua", "sharpluatest_sharplua.csproj", "{B1D8B733-D6FA-4407-BD70-682B7CCE1689}"
EndProject
Global
	GlobalSection(SolutionConfigurationPlatforms) = preSolution
		Debug|Any CPU = Debug|Any CPU
		Release|Any CPU = Release|Any CPU
	EndGlobalSection
	GlobalSection(ProjectConfigurationPlatforms) = postSolution
		{B1D8B733-D6FA-4407-BD70-682B7CCE1689}.Debug|Any CPU.Build.0 = Debug|Any CPU
		{B1D8B733-D6FA-4407-BD70-682B7CCE1689}.Debug|Any CPU.ActiveCfg = Debug|Any CPU
		{B1D8B733-D6FA-4407-BD70-682B7CCE1689}.Release|Any CPU.Build.0 = Release|Any CPU
		{B1D8B733-D6FA-4407-BD70-682B7CCE1689}.Release|Any CPU.ActiveCfg = Release|Any CPU
	EndGlobalSection
EndGlobal
